
Microsoft Visual Studio Solution File, Format Version 12.00
# Visual Studio 14
VisualStudioVersion = 14.0.25420.1
MinimumVisualStudioVersion = 10.0.40219.1
Project("{FAE04EC0-301F-11D3-BF4B-00C04F79EFBC}") = "Ejercicio 1", "Ejercicio 1\Ejercicio 1.csproj", "{92DA8DCF-81EC-439C-98BD-2B0C1733806A}"
EndProject
Project("{FAE04EC0-301F-11D3-BF4B-00C04F79EFBC}") = "Ejercicio 2", "Ejercicio 2\Ejercicio 2.csproj", "{2850A424-5894-4EE8-827F-DB4A61742009}"
EndProject
Project("{FAE04EC0-301F-11D3-BF4B-00C04F79EFBC}") = "Ejercicio 3", "Ejercicio 3\Ejercicio 3.csproj", "{2D4B809F-B268-458F-BD79-550D7EAD0AA3}"
EndProject
Global
	GlobalSection(SolutionConfigurationPlatforms) = preSolution
		Debug|ARM = Debug|ARM
		Debug|x64 = Debug|x64
		Debug|x86 = Debug|x86
		Release|ARM = Release|ARM
		Release|x64 = Release|x64
		Release|x86 = Release|x86
	EndGlobalSection
	GlobalSection(ProjectConfigurationPlatforms) = postSolution
		{92DA8DCF-81EC-439C-98BD-2B0C1733806A}.Debug|ARM.ActiveCfg = Debug|ARM
		{92DA8DCF-81EC-439C-98BD-2B0C1733806A}.Debug|ARM.Build.0 = Debug|ARM
		{92DA8DCF-81EC-439C-98BD-2B0C1733806A}.Debug|ARM.Deploy.0 = Debug|ARM
		{92DA8DCF-81EC-439C-98BD-2B0C1733806A}.Debug|x64.ActiveCfg = Debug|x64
		{92DA8DCF-81EC-439C-98BD-2B0C1733806A}.Debug|x64.Build.0 = Debug|x64
		{92DA8DCF-81EC-439C-98BD-2B0C1733806A}.Debug|x64.Deploy.0 = Debug|x64
		{92DA8DCF-81EC-439C-98BD-2B0C1733806A}.Debug|x86.ActiveCfg = Debug|x86
		{92DA8DCF-81EC-439C-98BD-2B0C1733806A}.Debug|x86.Build.0 = Debug|x86
		{92DA8DCF-81EC-439C-98BD-2B0C1733806A}.Debug|x86.Deploy.0 = Debug|x86
		{92DA8DCF-81EC-439C-98BD-2B0C1733806A}.Release|ARM.ActiveCfg = Release|ARM
		{92DA8DCF-81EC-439C-98BD-2B0C1733806A}.Release|ARM.Build.0 = Release|ARM
		{92DA8DCF-81EC-439C-98BD-2B0C1733806A}.Release|ARM.Deploy.0 = Release|ARM
		{92DA8DCF-81EC-439C-98BD-2B0C1733806A}.Release|x64.ActiveCfg = Release|x64
		{92DA8DCF-81EC-439C-98BD-2B0C1733806A}.Release|x64.Build.0 = Release|x64
		{92DA8DCF-81EC-439C-98BD-2B0C1733806A}.Release|x64.Deploy.0 = Release|x64
		{92DA8DCF-81EC-439C-98BD-2B0C1733806A}.Release|x86.ActiveCfg = Release|x86
		{92DA8DCF-81EC-439C-98BD-2B0C1733806A}.Release|x86.Build.0 = Release|x86
		{92DA8DCF-81EC-439C-98BD-2B0C1733806A}.Release|x86.Deploy.0 = Release|x86
		{2850A424-5894-4EE8-827F-DB4A61742009}.Debug|ARM.ActiveCfg = Debug|ARM
		{2850A424-5894-4EE8-827F-DB4A61742009}.Debug|ARM.Build.0 = Debug|ARM
		{2850A424-5894-4EE8-827F-DB4A61742009}.Debug|ARM.Deploy.0 = Debug|ARM
		{2850A424-5894-4EE8-827F-DB4A61742009}.Debug|x64.ActiveCfg = Debug|x64
		{2850A424-5894-4EE8-827F-DB4A61742009}.Debug|x64.Build.0 = Debug|x64
		{2850A424-5894-4EE8-827F-DB4A61742009}.Debug|x64.Deploy.0 = Debug|x64
		{2850A424-5894-4EE8-827F-DB4A61742009}.Debug|x86.ActiveCfg = Debug|x86
		{2850A424-5894-4EE8-827F-DB4A61742009}.Debug|x86.Build.0 = Debug|x86
		{2850A424-5894-4EE8-827F-DB4A61742009}.Debug|x86.Deploy.0 = Debug|x86
		{2850A424-5894-4EE8-827F-DB4A61742009}.Release|ARM.ActiveCfg = Release|ARM
		{2850A424-5894-4EE8-827F-DB4A61742009}.Release|ARM.Build.0 = Release|ARM
		{2850A424-5894-4EE8-827F-DB4A61742009}.Release|ARM.Deploy.0 = Release|ARM
		{2850A424-5894-4EE8-827F-DB4A61742009}.Release|x64.ActiveCfg = Release|x64
		{2850A424-5894-4EE8-827F-DB4A61742009}.Release|x64.Build.0 = Release|x64
		{2850A424-5894-4EE8-827F-DB4A61742009}.Release|x64.Deploy.0 = Release|x64
		{2850A424-5894-4EE8-827F-DB4A61742009}.Release|x86.ActiveCfg = Release|x86
		{2850A424-5894-4EE8-827F-DB4A61742009}.Release|x86.Build.0 = Release|x86
		{2850A424-5894-4EE8-827F-DB4A61742009}.Release|x86.Deploy.0 = Release|x86
		{2D4B809F-B268-458F-BD79-550D7EAD0AA3}.Debug|ARM.ActiveCfg = Debug|ARM
		{2D4B809F-B268-458F-BD79-550D7EAD0AA3}.Debug|ARM.Build.0 = Debug|ARM
		{2D4B809F-B268-458F-BD79-550D7EAD0AA3}.Debug|ARM.Deploy.0 = Debug|ARM
		{2D4B809F-B268-458F-BD79-550D7EAD0AA3}.Debug|x64.ActiveCfg = Debug|x64
		{2D4B809F-B268-458F-BD79-550D7EAD0AA3}.Debug|x64.Build.0 = Debug|x64
		{2D4B809F-B268-458F-BD79-550D7EAD0AA3}.Debug|x64.Deploy.0 = Debug|x64
		{2D4B809F-B268-458F-BD79-550D7EAD0AA3}.Debug|x86.ActiveCfg = Debug|x86
		{2D4B809F-B268-458F-BD79-550D7EAD0AA3}.Debug|x86.Build.0 = Debug|x86
		{2D4B809F-B268-458F-BD79-550D7EAD0AA3}.Debug|x86.Deploy.0 = Debug|x86
		{2D4B809F-B268-458F-BD79-550D7EAD0AA3}.Release|ARM.ActiveCfg = Release|ARM
		{2D4B809F-B268-458F-BD79-550D7EAD0AA3}.Release|ARM.Build.0 = Release|ARM
		{2D4B809F-B268-458F-BD79-550D7EAD0AA3}.Release|ARM.Deploy.0 = Release|ARM
		{2D4B809F-B268-458F-BD79-550D7EAD0AA3}.Release|x64.ActiveCfg = Release|x64
		{2D4B809F-B268-458F-BD79-550D7EAD0AA3}.Release|x64.Build.0 = Release|x64
		{2D4B809F-B268-458F-BD79-550D7EAD0AA3}.Release|x64.Deploy.0 = Release|x64
		{2D4B809F-B268-458F-BD79-550D7EAD0AA3}.Release|x86.ActiveCfg = Release|x86
		{2D4B809F-B268-458F-BD79-550D7EAD0AA3}.Release|x86.Build.0 = Release|x86
		{2D4B809F-B268-458F-BD79-550D7EAD0AA3}.Release|x86.Deploy.0 = Release|x86
	EndGlobalSection
	GlobalSection(SolutionProperties) = preSolution
		HideSolutionNode = FALSE
	EndGlobalSection
EndGlobal
